
Microsoft Visual Studio Solution File, Format Version 12.00
# Visual Studio Version 17
VisualStudioVersion = 17.7.34031.279
MinimumVisualStudioVersion = 10.0.40219.1
Project("{FAE04EC0-301F-11D3-BF4B-00C04F79EFBC}") = "encapsulation task2", "encapsulation task2.csproj", "{B640D7FB-6D43-4A94-BF2B-BD1B87D3C69F}"
EndProject
Global
	GlobalSection(SolutionConfigurationPlatforms) = preSolution
		Debug|Any CPU = Debug|Any CPU
		Release|Any CPU = Release|Any CPU
	EndGlobalSection
	GlobalSection(ProjectConfigurationPlatforms) = postSolution
		{B640D7FB-6D43-4A94-BF2B-BD1B87D3C69F}.Debug|Any CPU.ActiveCfg = Debug|Any CPU
		{B640D7FB-6D43-4A94-BF2B-BD1B87D3C69F}.Debug|Any CPU.Build.0 = Debug|Any CPU
		{B640D7FB-6D43-4A94-BF2B-BD1B87D3C69F}.Release|Any CPU.ActiveCfg = Release|Any CPU
		{B640D7FB-6D43-4A94-BF2B-BD1B87D3C69F}.Release|Any CPU.Build.0 = Release|Any CPU
	EndGlobalSection
	GlobalSection(SolutionProperties) = preSolution
		HideSolutionNode = FALSE
	EndGlobalSection
	GlobalSection(ExtensibilityGlobals) = postSolution
		SolutionGuid = {EAFD6B76-9053-423F-936B-058B79A81F06}
	EndGlobalSection
EndGlobal
